
Microsoft Visual Studio Solution File, Format Version 12.00
# Visual Studio Version 17
VisualStudioVersion = 17.0.31903.59
MinimumVisualStudioVersion = 10.0.40219.1
Project("{FAE04EC0-301F-11D3-BF4B-00C04F79EFBC}") = "DigitalBankLite.API", "Backend\DigitalBankLite.API.csproj", "{292A4FDD-7F2C-4DE9-B728-DA448C2AA63B}"
EndProject
Project("{FAE04EC0-301F-11D3-BF4B-00C04F79EFBC}") = "DigitalBankLite.Tests", "DigitalBankLite.Tests\DigitalBankLite.Tests.csproj", "{F3BA99C6-06EA-4CCE-AEBA-C5DA9C1D62AA}"
EndProject
Global
	GlobalSection(SolutionConfigurationPlatforms) = preSolution
		Debug|Any CPU = Debug|Any CPU
		Debug|x64 = Debug|x64
		Debug|x86 = Debug|x86
		Release|Any CPU = Release|Any CPU
		Release|x64 = Release|x64
		Release|x86 = Release|x86
	EndGlobalSection
	GlobalSection(ProjectConfigurationPlatforms) = postSolution
		{292A4FDD-7F2C-4DE9-B728-DA448C2AA63B}.Debug|Any CPU.ActiveCfg = Debug|Any CPU
		{292A4FDD-7F2C-4DE9-B728-DA448C2AA63B}.Debug|Any CPU.Build.0 = Debug|Any CPU
		{292A4FDD-7F2C-4DE9-B728-DA448C2AA63B}.Debug|x64.ActiveCfg = Debug|Any CPU
		{292A4FDD-7F2C-4DE9-B728-DA448C2AA63B}.Debug|x64.Build.0 = Debug|Any CPU
		{292A4FDD-7F2C-4DE9-B728-DA448C2AA63B}.Debug|x86.ActiveCfg = Debug|Any CPU
		{292A4FDD-7F2C-4DE9-B728-DA448C2AA63B}.Debug|x86.Build.0 = Debug|Any CPU
		{292A4FDD-7F2C-4DE9-B728-DA448C2AA63B}.Release|Any CPU.ActiveCfg = Release|Any CPU
		{292A4FDD-7F2C-4DE9-B728-DA448C2AA63B}.Release|Any CPU.Build.0 = Release|Any CPU
		{292A4FDD-7F2C-4DE9-B728-DA448C2AA63B}.Release|x64.ActiveCfg = Release|Any CPU
		{292A4FDD-7F2C-4DE9-B728-DA448C2AA63B}.Release|x64.Build.0 = Release|Any CPU
		{292A4FDD-7F2C-4DE9-B728-DA448C2AA63B}.Release|x86.ActiveCfg = Release|Any CPU
		{292A4FDD-7F2C-4DE9-B728-DA448C2AA63B}.Release|x86.Build.0 = Release|Any CPU
		{F3BA99C6-06EA-4CCE-AEBA-C5DA9C1D62AA}.Debug|Any CPU.ActiveCfg = Debug|Any CPU
		{F3BA99C6-06EA-4CCE-AEBA-C5DA9C1D62AA}.Debug|Any CPU.Build.0 = Debug|Any CPU
		{F3BA99C6-06EA-4CCE-AEBA-C5DA9C1D62AA}.Debug|x64.ActiveCfg = Debug|Any CPU
		{F3BA99C6-06EA-4CCE-AEBA-C5DA9C1D62AA}.Debug|x64.Build.0 = Debug|Any CPU
		{F3BA99C6-06EA-4CCE-AEBA-C5DA9C1D62AA}.Debug|x86.ActiveCfg = Debug|Any CPU
		{F3BA99C6-06EA-4CCE-AEBA-C5DA9C1D62AA}.Debug|x86.Build.0 = Debug|Any CPU
		{F3BA99C6-06EA-4CCE-AEBA-C5DA9C1D62AA}.Release|Any CPU.ActiveCfg = Release|Any CPU
		{F3BA99C6-06EA-4CCE-AEBA-C5DA9C1D62AA}.Release|Any CPU.Build.0 = Release|Any CPU
		{F3BA99C6-06EA-4CCE-AEBA-C5DA9C1D62AA}.Release|x64.ActiveCfg = Release|Any CPU
		{F3BA99C6-06EA-4CCE-AEBA-C5DA9C1D62AA}.Release|x64.Build.0 = Release|Any CPU
		{F3BA99C6-06EA-4CCE-AEBA-C5DA9C1D62AA}.Release|x86.ActiveCfg = Release|Any CPU
		{F3BA99C6-06EA-4CCE-AEBA-C5DA9C1D62AA}.Release|x86.Build.0 = Release|Any CPU
	EndGlobalSection
	GlobalSection(SolutionProperties) = preSolution
		HideSolutionNode = FALSE
	EndGlobalSection
EndGlobal
